
Microsoft Visual Studio Solution File, Format Version 12.00
# Visual Studio Version 16
VisualStudioVersion = 16.0.28729.10
MinimumVisualStudioVersion = 10.0.40219.1
Project("{9A19103F-16F7-4668-BE54-9A1E7A4F7556}") = "Read secrets from", "Read secrets from\Read secrets from.csproj", "{4A650812-74B5-41AB-A35B-EE74D74EB830}"
EndProject
Project("{9A19103F-16F7-4668-BE54-9A1E7A4F7556}") = "Secure configuration with key vault", "Secure configuration with key vault\Secure configuration with key vault.csproj", "{1BB42040-A474-401C-A0CE-F632507A3529}"
EndProject
Project("{FAE04EC0-301F-11D3-BF4B-00C04F79EFBC}") = "Bind to key vault", "Bind to key vault\Bind to key vault.csproj", "{2CC12B8B-939F-40F1-9DC5-2CEBA8F0A065}"
EndProject
Project("{FAE04EC0-301F-11D3-BF4B-00C04F79EFBC}") = "Bind to key vault with extension", "Bind to key vault with extension\Bind to key vault with extension.csproj", "{D88A5D17-BF67-4A1D-9FC6-49EBD02E9D7B}"
EndProject
Global
	GlobalSection(SolutionConfigurationPlatforms) = preSolution
		Debug|Any CPU = Debug|Any CPU
		Release|Any CPU = Release|Any CPU
	EndGlobalSection
	GlobalSection(ProjectConfigurationPlatforms) = postSolution
		{4A650812-74B5-41AB-A35B-EE74D74EB830}.Debug|Any CPU.ActiveCfg = Debug|Any CPU
		{4A650812-74B5-41AB-A35B-EE74D74EB830}.Debug|Any CPU.Build.0 = Debug|Any CPU
		{4A650812-74B5-41AB-A35B-EE74D74EB830}.Release|Any CPU.ActiveCfg = Release|Any CPU
		{4A650812-74B5-41AB-A35B-EE74D74EB830}.Release|Any CPU.Build.0 = Release|Any CPU
		{1BB42040-A474-401C-A0CE-F632507A3529}.Debug|Any CPU.ActiveCfg = Debug|Any CPU
		{1BB42040-A474-401C-A0CE-F632507A3529}.Debug|Any CPU.Build.0 = Debug|Any CPU
		{1BB42040-A474-401C-A0CE-F632507A3529}.Release|Any CPU.ActiveCfg = Release|Any CPU
		{1BB42040-A474-401C-A0CE-F632507A3529}.Release|Any CPU.Build.0 = Release|Any CPU
		{2CC12B8B-939F-40F1-9DC5-2CEBA8F0A065}.Debug|Any CPU.ActiveCfg = Debug|Any CPU
		{2CC12B8B-939F-40F1-9DC5-2CEBA8F0A065}.Debug|Any CPU.Build.0 = Debug|Any CPU
		{2CC12B8B-939F-40F1-9DC5-2CEBA8F0A065}.Release|Any CPU.ActiveCfg = Release|Any CPU
		{2CC12B8B-939F-40F1-9DC5-2CEBA8F0A065}.Release|Any CPU.Build.0 = Release|Any CPU
		{D88A5D17-BF67-4A1D-9FC6-49EBD02E9D7B}.Debug|Any CPU.ActiveCfg = Debug|Any CPU
		{D88A5D17-BF67-4A1D-9FC6-49EBD02E9D7B}.Debug|Any CPU.Build.0 = Debug|Any CPU
		{D88A5D17-BF67-4A1D-9FC6-49EBD02E9D7B}.Release|Any CPU.ActiveCfg = Release|Any CPU
		{D88A5D17-BF67-4A1D-9FC6-49EBD02E9D7B}.Release|Any CPU.Build.0 = Release|Any CPU
	EndGlobalSection
	GlobalSection(SolutionProperties) = preSolution
		HideSolutionNode = FALSE
	EndGlobalSection
	GlobalSection(ExtensibilityGlobals) = postSolution
		SolutionGuid = {54CAC6D1-9BBB-4F78-93C3-28EF270CF0B2}
	EndGlobalSection
EndGlobal
